
Microsoft Visual Studio Solution File, Format Version 12.00
# Visual Studio Version 17
VisualStudioVersion = 17.2.32526.322
MinimumVisualStudioVersion = 10.0.40219.1
Project("{FAE04EC0-301F-11D3-BF4B-00C04F79EFBC}") = "VehiclesAPI", "VehiclesAPI\VehiclesAPI.csproj", "{74D9B4EF-BC48-4514-93D6-EB75201A149C}"
EndProject
Global
	GlobalSection(SolutionConfigurationPlatforms) = preSolution
		Debug|Any CPU = Debug|Any CPU
		Release|Any CPU = Release|Any CPU
	EndGlobalSection
	GlobalSection(ProjectConfigurationPlatforms) = postSolution
		{74D9B4EF-BC48-4514-93D6-EB75201A149C}.Debug|Any CPU.ActiveCfg = Debug|Any CPU
		{74D9B4EF-BC48-4514-93D6-EB75201A149C}.Debug|Any CPU.Build.0 = Debug|Any CPU
		{74D9B4EF-BC48-4514-93D6-EB75201A149C}.Release|Any CPU.ActiveCfg = Release|Any CPU
		{74D9B4EF-BC48-4514-93D6-EB75201A149C}.Release|Any CPU.Build.0 = Release|Any CPU
	EndGlobalSection
	GlobalSection(SolutionProperties) = preSolution
		HideSolutionNode = FALSE
	EndGlobalSection
	GlobalSection(ExtensibilityGlobals) = postSolution
		SolutionGuid = {FCA01026-7263-4BE2-B0BC-5E37C2AF15EC}
	EndGlobalSection
EndGlobal
